# This file is automatically @generated by Cargo.
# It is not intended for manual editing.
[[package]]
name = "telnet"
version = "0.1.4"
source = "registry+https://github.com/rust-lang/crates.io-index"
checksum = "3eb466fac9217be30197774bcfd417f711dcd730d9cc6d7ea4ac85728c0cb9d5"

[[package]]
name = "ts-netops-simple-telnet"
version = "0.1.0"
dependencies = [
 "telnet",
]
